// !$*UTF8*$!
{
	archiveVersion = 1;
	classes = {
	};
	objectVersion = 46;
	objects = {

/* Begin PBXBuildFile section */
		D3571CE41E876BDA00926F09 /* AppDelegate.swift in Sources */ = {isa = PBXBuildFile; fileRef = D3571CE31E876BDA00926F09 /* AppDelegate.swift */; };
		D3571CE61E876BDA00926F09 /* ViewController.swift in Sources */ = {isa = PBXBuildFile; fileRef = D3571CE51E876BDA00926F09 /* ViewController.swift */; };
		D3571CE81E876BDA00926F09 /* Assets.xcassets in Resources */ = {isa = PBXBuildFile; fileRef = D3571CE71E876BDA00926F09 /* Assets.xcassets */; };
		D3571CEB1E876BDA00926F09 /* Main.storyboard in Resources */ = {isa = PBXBuildFile; fileRef = D3571CE91E876BDA00926F09 /* Main.storyboard */; };
/* End PBXBuildFile section */

/* Begin PBXFileReference section */
		D3571CE01E876BDA00926F09 /* Localmotive.app */ = {isa = PBXFileReference; explicitFileType = wrapper.application; includeInIndex = 0; path = Localmotive.app; sourceTree = BUILT_PRODUCTS_DIR; };
		D3571CE31E876BDA00926F09 /* AppDelegate.swift */ = {isa = PBXFileReference; lastKnownFileType = sourcecode.swift; path = AppDelegate.swift; sourceTree = "<group>"; };
		D3571CE51E876BDA00926F09 /* ViewController.swift */ = {isa = PBXFileReference; lastKnownFileType = sourcecode.swift; path = ViewController.swift; sourceTree = "<group>"; };
		D3571CE71E876BDA00926F09 /* Assets.xcassets */ = {isa = PBXFileReference; lastKnownFileType = folder.assetcatalog; path = Assets.xcassets; sourceTree = "<group>"; };
		D3571CEA1E876BDA00926F09 /* Base */ = {isa = PBXFileReference; lastKnownFileType = file.storyboard; name = Base; path = Base.lproj/Main.storyboard; sourceTree = "<group>"; };
		D3571CEC1E876BDA00926F09 /* Info.plist */ = {isa = PBXFileReference; lastKnownFileType = text.plist.xml; path = Info.plist; sourceTree = "<group>"; };
/* End PBXFileReference section */

/* Begin PBXFrameworksBuildPhase section */
		D3571CDD1E876BDA00926F09 /* Frameworks */ = {
			isa = PBXFrameworksBuildPhase;
			buildActionMask = 2147483647;
			files = (
			);
			runOnlyForDeploymentPostprocessing = 0;
		};
/* End PBXFrameworksBuildPhase section */

/* Begin PBXGroup section */
		D3571CD71E876BDA00926F09 = {
			isa = PBXGroup;
			children = (
				D3571CE21E876BDA00926F09 /* Localmotive */,
				D3571CE11E876BDA00926F09 /* Products */,
			);
			sourceTree = "<group>";
		};
		D3571CE11E876BDA00926F09 /* Products */ = {
			isa = PBXGroup;
			children = (
				D3571CE01E876BDA00926F09 /* Localmotive.app */,
			);
			name = Products;
			sourceTree = "<group>";
		};
		D3571CE21E876BDA00926F09 /* Localmotive */ = {
			isa = PBXGroup;
			children = (
				D3571CE31E876BDA00926F09 /* AppDelegate.swift */,
				D3571CE51E876BDA00926F09 /* ViewController.swift */,
				D3571CE71E876BDA00926F09 /* Assets.xcassets */,
				D3571CE91E876BDA00926F09 /* Main.storyboard */,
				D3571CEC1E876BDA00926F09 /* Info.plist */,
			);
			path = Localmotive;
			sourceTree = "<group>";
		};
/* End PBXGroup section */

/* Begin PBXNativeTarget section */
		D3571CDF1E876BDA00926F09 /* Localmotive */ = {
			isa = PBXNativeTarget;
			buildConfigurationList = D3571CEF1E876BDA00926F09 /* Build configuration list for PBXNativeTarget "Localmotive" */;
			buildPhases = (
				D3571CDC1E876BDA00926F09 /* Sources */,
				D3571CDD1E876BDA00926F09 /* Frameworks */,
				D3571CDE1E876BDA00926F09 /* Resources */,
			);
			buildRules = (
			);
			dependencies = (
			);
			name = Localmotive;
			productName = Localmotive;
			productReference = D3571CE01E876BDA00926F09 /* Localmotive.app */;
			productType = "com.apple.product-type.application";
		};
/* End PBXNativeTarget section */

/* Begin PBXProject section */
		D3571CD81E876BDA00926F09 /* Project object */ = {
			isa = PBXProject;
			attributes = {
				LastSwiftUpdateCheck = 0820;
				LastUpgradeCheck = 0820;
				ORGANIZATIONNAME = "GB Internet Solutions";
				TargetAttributes = {
					D3571CDF1E876BDA00926F09 = {
						CreatedOnToolsVersion = 8.2;
						DevelopmentTeam = 4JM2M4RC86;
						ProvisioningStyle = Automatic;
					};
				};
			};
			buildConfigurationList = D3571CDB1E876BDA00926F09 /* Build configuration list for PBXProject "Localmotive" */;
			compatibilityVersion = "Xcode 3.2";
			developmentRegion = English;
			hasScannedForEncodings = 0;
			knownRegions = (
				en,
				Base,
			);
			mainGroup = D3571CD71E876BDA00926F09;
			productRefGroup = D3571CE11E876BDA00926F09 /* Products */;
			projectDirPath = "";
			projectRoot = "";
			targets = (
				D3571CDF1E876BDA00926F09 /* Localmotive */,
			);
		};
/* End PBXProject section */

/* Begin PBXResourcesBuildPhase section */
		D3571CDE1E876BDA00926F09 /* Resources */ = {
			isa = PBXResourcesBuildPhase;
			buildActionMask = 2147483647;
			files = (
				D3571CE81E876BDA00926F09 /* Assets.xcassets in Resources */,
				D3571CEB1E876BDA00926F09 /* Main.storyboard in Resources */,
			);
			runOnlyForDeploymentPostprocessing = 0;
		};
/* End PBXResourcesBuildPhase section */

/* Begin PBXSourcesBuildPhase section */
		D3571CDC1E876BDA00926F09 /* Sources */ = {
			isa = PBXSourcesBuildPhase;
			buildActionMask = 2147483647;
			files = (
				D3571CE61E876BDA00926F09 /* ViewController.swift in Sources */,
				D3571CE41E876BDA00926F09 /* AppDelegate.swift in Sources */,
			);
			runOnlyForDeploymentPostprocessing = 0;
		};
/* End PBXSourcesBuildPhase section */

/* Begin PBXVariantGroup section */
		D3571CE91E876BDA00926F09 /* Main.storyboard */ = {
			isa = PBXVariantGroup;
			children = (
				D3571CEA1E876BDA00926F09 /* Base */,
			);
			name = Main.storyboard;
			sourceTree = "<group>";
		};
/* End PBXVariantGroup section */

/* Begin XCBuildConfiguration section */
		D3571CED1E876BDA00926F09 /* Debug */ = {
			isa = XCBuildConfiguration;
			buildSettings = {
				ALWAYS_SEARCH_USER_PATHS = NO;
				CLANG_ANALYZER_NONNULL = YES;
				CLANG_CXX_LANGUAGE_STANDARD = "gnu++0x";
				CLANG_CXX_LIBRARY = "libc++";
				CLANG_ENABLE_MODULES = YES;
				CLANG_ENABLE_OBJC_ARC = YES;
				CLANG_WARN_BOOL_CONVERSION = YES;
				CLANG_WARN_CONSTANT_CONVERSION = YES;
				CLANG_WARN_DIRECT_OBJC_ISA_USAGE = YES_ERROR;
				CLANG_WARN_DOCUMENTATION_COMMENTS = YES;
				CLANG_WARN_EMPTY_BODY = YES;
				CLANG_WARN_ENUM_CONVERSION = YES;
				CLANG_WARN_INFINITE_RECURSION = YES;
				CLANG_WARN_INT_CONVERSION = YES;
				CLANG_WARN_OBJC_ROOT_CLASS = YES_ERROR;
				CLANG_WARN_SUSPICIOUS_MOVE = YES;
				CLANG_WARN_UNREACHABLE_CODE = YES;
				CLANG_WARN__DUPLICATE_METHOD_MATCH = YES;
				CODE_SIGN_IDENTITY = "-";
				COPY_PHASE_STRIP = NO;
				DEBUG_INFORMATION_FORMAT = dwarf;
				ENABLE_STRICT_OBJC_MSGSEND = YES;
				ENABLE_TESTABILITY = YES;
				GCC_C_LANGUAGE_STANDARD = gnu99;
				GCC_DYNAMIC_NO_PIC = NO;
				GCC_NO_COMMON_BLOCKS = YES;
				GCC_OPTIMIZATION_LEVEL = 0;
				GCC_PREPROCESSOR_DEFINITIONS = (
					"DEBUG=1",
					"$(inherited)",
				);
				GCC_WARN_64_TO_32_BIT_CONVERSION = YES;
				GCC_WARN_ABOUT_RETURN_TYPE = YES_ERROR;
				GCC_WARN_UNDECLARED_SELECTOR = YES;
				GCC_WARN_UNINITIALIZED_AUTOS = YES_AGGRESSIVE;
				GCC_WARN_UNUSED_FUNCTION = YES;
				GCC_WARN_UNUSED_VARIABLE = YES;
				MACOSX_DEPLOYMENT_TARGET = 10.11;
				MTL_ENABLE_DEBUG_INFO = YES;
				ONLY_ACTIVE_ARCH = YES;
				SDKROOT = macosx;
				SWIFT_ACTIVE_COMPILATION_CONDITIONS = DEBUG;
				SWIFT_OPTIMIZATION_LEVEL = "-Onone";
			};
			name = Debug;
		};
		D3571CEE1E876BDA00926F09 /* Release */ = {
			isa = XCBuildConfiguration;
			buildSettings = {
				ALWAYS_SEARCH_USER_PATHS = NO;
				CLANG_ANALYZER_NONNULL = YES;
				CLANG_CXX_LANGUAGE_STANDARD = "gnu++0x";
				CLANG_CXX_LIBRARY = "libc++";
				CLANG_ENABLE_MODULES = YES;
				CLANG_ENABLE_OBJC_ARC = YES;
				CLANG_WARN_BOOL_CONVERSION = YES;
				CLANG_WARN_CONSTANT_CONVERSION = YES;
				CLANG_WARN_DIRECT_OBJC_ISA_USAGE = YES_ERROR;
				CLANG_WARN_DOCUMENTATION_COMMENTS = YES;
				CLANG_WARN_EMPTY_BODY = YES;
				CLANG_WARN_ENUM_CONVERSION = YES;
				CLANG_WARN_INFINITE_RECURSION = YES;
				CLANG_WARN_INT_CONVERSION = YES;
				CLANG_WARN_OBJC_ROOT_CLASS = YES_ERROR;
				CLANG_WARN_SUSPICIOUS_MOVE = YES;
				CLANG_WARN_UNREACHABLE_CODE = YES;
				CLANG_WARN__DUPLICATE_METHOD_MATCH = YES;
				CODE_SIGN_IDENTITY = "-";
				COPY_PHASE_STRIP = NO;
				DEBUG_INFORMATION_FORMAT = "dwarf-with-dsym";
				ENABLE_NS_ASSERTIONS = NO;
				ENABLE_STRICT_OBJC_MSGSEND = YES;
				GCC_C_LANGUAGE_STANDARD = gnu99;
				GCC_NO_COMMON_BLOCKS = YES;
				GCC_WARN_64_TO_32_BIT_CONVERSION = YES;
				GCC_WARN_ABOUT_RETURN_TYPE = YES_ERROR;
				GCC_WARN_UNDECLARED_SELECTOR = YES;
				GCC_WARN_UNINITIALIZED_AUTOS = YES_AGGRESSIVE;
				GCC_WARN_UNUSED_FUNCTION = YES;
				GCC_WARN_UNUSED_VARIABLE = YES;
				MACOSX_DEPLOYMENT_TARGET = 10.11;
				MTL_ENABLE_DEBUG_INFO = NO;
				SDKROOT = macosx;
				SWIFT_OPTIMIZATION_LEVEL = "-Owholemodule";
			};
			name = Release;
		};
		D3571CF01E876BDA00926F09 /* Debug */ = {
			isa = XCBuildConfiguration;
			buildSettings = {
				ASSETCATALOG_COMPILER_APPICON_NAME = AppIcon;
				COMBINE_HIDPI_IMAGES = YES;
				DEVELOPMENT_TEAM = 4JM2M4RC86;
				INFOPLIST_FILE = Localmotive/Info.plist;
				LD_RUNPATH_SEARCH_PATHS = "$(inherited) @executable_path/../Frameworks";
				PRODUCT_BUNDLE_IDENTIFIER = com.gasbuddymobile.Localmotive;
				PRODUCT_NAME = "$(TARGET_NAME)";
				SWIFT_VERSION = 3.0;
			};
			name = Debug;
		};
		D3571CF11E876BDA00926F09 /* Release */ = {
			isa = XCBuildConfiguration;
			buildSettings = {
				ASSETCATALOG_COMPILER_APPICON_NAME = AppIcon;
				COMBINE_HIDPI_IMAGES = YES;
				DEVELOPMENT_TEAM = 4JM2M4RC86;
				INFOPLIST_FILE = Localmotive/Info.plist;
				LD_RUNPATH_SEARCH_PATHS = "$(inherited) @executable_path/../Frameworks";
				PRODUCT_BUNDLE_IDENTIFIER = com.gasbuddymobile.Localmotive;
				PRODUCT_NAME = "$(TARGET_NAME)";
				SWIFT_VERSION = 3.0;
			};
			name = Release;
		};
/* End XCBuildConfiguration section */

/* Begin XCConfigurationList section */
		D3571CDB1E876BDA00926F09 /* Build configuration list for PBXProject "Localmotive" */ = {
			isa = XCConfigurationList;
			buildConfigurations = (
				D3571CED1E876BDA00926F09 /* Debug */,
				D3571CEE1E876BDA00926F09 /* Release */,
			);
			defaultConfigurationIsVisible = 0;
			defaultConfigurationName = Release;
		};
		D3571CEF1E876BDA00926F09 /* Build configuration list for PBXNativeTarget "Localmotive" */ = {
			isa = XCConfigurationList;
			buildConfigurations = (
				D3571CF01E876BDA00926F09 /* Debug */,
				D3571CF11E876BDA00926F09 /* Release */,
			);
			defaultConfigurationIsVisible = 0;
		};
/* End XCConfigurationList section */
	};
	rootObject = D3571CD81E876BDA00926F09 /* Project object */;
}
